
Microsoft Visual Studio Solution File, Format Version 11.00
# Visual Studio 2010
Project("{2150E333-8FDC-42A3-9474-1A3956D46DE8}") = "Solution Items", "Solution Items", "{9B0281E7-0401-4493-BC8A-BB36D0D9AAA6}"
	ProjectSection(SolutionItems) = preProject
		JinxBot.vsmdi = JinxBot.vsmdi
		LocalTestRun.testrunconfig = LocalTestRun.testrunconfig
	EndProjectSection
EndProject
Project("{FAE04EC0-301F-11D3-BF4B-00C04F79EFBC}") = "BNSharp", "projects\BNSharp\BNSharp.csproj", "{2D02D43C-BC3B-41D2-9226-4E215939107F}"
EndProject
Project("{FAE04EC0-301F-11D3-BF4B-00C04F79EFBC}") = "JinxBot", "projects\JinxBot\JinxBot.csproj", "{AB0945C2-7421-4D55-98AE-AB28B813E59D}"
EndProject
Project("{FAE04EC0-301F-11D3-BF4B-00C04F79EFBC}") = "JinxBot.Controls", "projects\JinxBot.Controls\JinxBot.Controls.csproj", "{48E3907C-69BB-48C1-817D-6E5B4BE51EF6}"
EndProject
Project("{FAE04EC0-301F-11D3-BF4B-00C04F79EFBC}") = "JinxBot.Plugins", "projects\JinxBot.Plugins\JinxBot.Plugins.csproj", "{9C13A2E5-2A06-4BD9-BED0-F93E9BB03D31}"
EndProject
Project("{FAE04EC0-301F-11D3-BF4B-00C04F79EFBC}") = "JinxBot.Plugins.Script", "projects\JinxBot.Plugins.Script\JinxBot.Plugins.Script.csproj", "{EA705DC7-500E-4C7B-8D22-F5EFFCF71F46}"
EndProject
Global
	GlobalSection(SolutionConfigurationPlatforms) = preSolution
		Debug|Any CPU = Debug|Any CPU
		Default|Any CPU = Default|Any CPU
		Release|Any CPU = Release|Any CPU
	EndGlobalSection
	GlobalSection(ProjectConfigurationPlatforms) = postSolution
		{2D02D43C-BC3B-41D2-9226-4E215939107F}.Debug|Any CPU.ActiveCfg = Debug|Any CPU
		{2D02D43C-BC3B-41D2-9226-4E215939107F}.Debug|Any CPU.Build.0 = Debug|Any CPU
		{2D02D43C-BC3B-41D2-9226-4E215939107F}.Default|Any CPU.ActiveCfg = Debug|Any CPU
		{2D02D43C-BC3B-41D2-9226-4E215939107F}.Default|Any CPU.Build.0 = Debug|Any CPU
		{2D02D43C-BC3B-41D2-9226-4E215939107F}.Release|Any CPU.ActiveCfg = Release|Any CPU
		{2D02D43C-BC3B-41D2-9226-4E215939107F}.Release|Any CPU.Build.0 = Release|Any CPU
		{AB0945C2-7421-4D55-98AE-AB28B813E59D}.Debug|Any CPU.ActiveCfg = Debug|Any CPU
		{AB0945C2-7421-4D55-98AE-AB28B813E59D}.Debug|Any CPU.Build.0 = Debug|Any CPU
		{AB0945C2-7421-4D55-98AE-AB28B813E59D}.Default|Any CPU.ActiveCfg = Debug|Any CPU
		{AB0945C2-7421-4D55-98AE-AB28B813E59D}.Default|Any CPU.Build.0 = Debug|Any CPU
		{AB0945C2-7421-4D55-98AE-AB28B813E59D}.Release|Any CPU.ActiveCfg = Release|Any CPU
		{AB0945C2-7421-4D55-98AE-AB28B813E59D}.Release|Any CPU.Build.0 = Release|Any CPU
		{48E3907C-69BB-48C1-817D-6E5B4BE51EF6}.Debug|Any CPU.ActiveCfg = Debug|Any CPU
		{48E3907C-69BB-48C1-817D-6E5B4BE51EF6}.Debug|Any CPU.Build.0 = Debug|Any CPU
		{48E3907C-69BB-48C1-817D-6E5B4BE51EF6}.Default|Any CPU.ActiveCfg = Debug|Any CPU
		{48E3907C-69BB-48C1-817D-6E5B4BE51EF6}.Default|Any CPU.Build.0 = Debug|Any CPU
		{48E3907C-69BB-48C1-817D-6E5B4BE51EF6}.Release|Any CPU.ActiveCfg = Release|Any CPU
		{48E3907C-69BB-48C1-817D-6E5B4BE51EF6}.Release|Any CPU.Build.0 = Release|Any CPU
		{9C13A2E5-2A06-4BD9-BED0-F93E9BB03D31}.Debug|Any CPU.ActiveCfg = Debug|Any CPU
		{9C13A2E5-2A06-4BD9-BED0-F93E9BB03D31}.Debug|Any CPU.Build.0 = Debug|Any CPU
		{9C13A2E5-2A06-4BD9-BED0-F93E9BB03D31}.Default|Any CPU.ActiveCfg = Debug|Any CPU
		{9C13A2E5-2A06-4BD9-BED0-F93E9BB03D31}.Default|Any CPU.Build.0 = Debug|Any CPU
		{9C13A2E5-2A06-4BD9-BED0-F93E9BB03D31}.Release|Any CPU.ActiveCfg = Release|Any CPU
		{9C13A2E5-2A06-4BD9-BED0-F93E9BB03D31}.Release|Any CPU.Build.0 = Release|Any CPU
		{EA705DC7-500E-4C7B-8D22-F5EFFCF71F46}.Debug|Any CPU.ActiveCfg = Debug|Any CPU
		{EA705DC7-500E-4C7B-8D22-F5EFFCF71F46}.Debug|Any CPU.Build.0 = Debug|Any CPU
		{EA705DC7-500E-4C7B-8D22-F5EFFCF71F46}.Default|Any CPU.ActiveCfg = Debug|Any CPU
		{EA705DC7-500E-4C7B-8D22-F5EFFCF71F46}.Default|Any CPU.Build.0 = Debug|Any CPU
		{EA705DC7-500E-4C7B-8D22-F5EFFCF71F46}.Release|Any CPU.ActiveCfg = Release|Any CPU
		{EA705DC7-500E-4C7B-8D22-F5EFFCF71F46}.Release|Any CPU.Build.0 = Release|Any CPU
	EndGlobalSection
	GlobalSection(SolutionProperties) = preSolution
		HideSolutionNode = FALSE
	EndGlobalSection
EndGlobal
