
Microsoft Visual Studio Solution File, Format Version 10.00
# Visual Studio 2008
Project("{FAE04EC0-301F-11D3-BF4B-00C04F79EFBC}") = "BNSharp", "projects\BNSharp\BNSharp.csproj", "{2D02D43C-BC3B-41D2-9226-4E215939107F}"
EndProject
Project("{FAE04EC0-301F-11D3-BF4B-00C04F79EFBC}") = "JinxBot", "projects\JinxBot\JinxBot.csproj", "{AB0945C2-7421-4D55-98AE-AB28B813E59D}"
EndProject
Project("{FAE04EC0-301F-11D3-BF4B-00C04F79EFBC}") = "JinxBot.Controls", "projects\JinxBot.Controls\JinxBot.Controls.csproj", "{48E3907C-69BB-48C1-817D-6E5B4BE51EF6}"
EndProject
Project("{FAE04EC0-301F-11D3-BF4B-00C04F79EFBC}") = "JinxBot.Plugins", "projects\JinxBot.Plugins\JinxBot.Plugins.csproj", "{9C13A2E5-2A06-4BD9-BED0-F93E9BB03D31}"
EndProject
Project("{2150E333-8FDC-42A3-9474-1A3956D46DE8}") = "Solution Items", "Solution Items", "{9B0281E7-0401-4493-BC8A-BB36D0D9AAA6}"
	ProjectSection(SolutionItems) = preProject
		JinxBot.vsmdi = JinxBot.vsmdi
		LocalTestRun.testrunconfig = LocalTestRun.testrunconfig
	EndProjectSection
EndProject
Project("{FAE04EC0-301F-11D3-BF4B-00C04F79EFBC}") = "JinxBot.Test.Configuration", "test\JinxBot.Test.Configuration\JinxBot.Test.Configuration.csproj", "{87A8BD8B-F8D5-4BDE-90D0-D7C5C8E45AC8}"
EndProject
Project("{FAE04EC0-301F-11D3-BF4B-00C04F79EFBC}") = "JinxBot.Plugins.Tests", "test\JinxBot.Plugins.Tests\JinxBot.Plugins.Tests.csproj", "{825505D0-8CF0-4AA0-841B-B9B91009C937}"
EndProject
Project("{FAE04EC0-301F-11D3-BF4B-00C04F79EFBC}") = "JinxBot.Windows7.JumplistIntegration", "test\JinxBot.Windows7.JumplistIntegration\JinxBot.Windows7.JumplistIntegration.csproj", "{C84649FB-B864-4571-A98C-B470E6BF3F26}"
EndProject
Global
	GlobalSection(TestCaseManagementSettings) = postSolution
		CategoryFile = JinxBot.vsmdi
	EndGlobalSection
	GlobalSection(SolutionConfigurationPlatforms) = preSolution
		Debug|.NET = Debug|.NET
		Debug|Any CPU = Debug|Any CPU
		Debug|Mixed Platforms = Debug|Mixed Platforms
		Default|.NET = Default|.NET
		Default|Any CPU = Default|Any CPU
		Default|Mixed Platforms = Default|Mixed Platforms
		Release|.NET = Release|.NET
		Release|Any CPU = Release|Any CPU
		Release|Mixed Platforms = Release|Mixed Platforms
	EndGlobalSection
	GlobalSection(ProjectConfigurationPlatforms) = postSolution
		{2D02D43C-BC3B-41D2-9226-4E215939107F}.Debug|.NET.ActiveCfg = Debug|Any CPU
		{2D02D43C-BC3B-41D2-9226-4E215939107F}.Debug|Any CPU.ActiveCfg = Debug|Any CPU
		{2D02D43C-BC3B-41D2-9226-4E215939107F}.Debug|Any CPU.Build.0 = Debug|Any CPU
		{2D02D43C-BC3B-41D2-9226-4E215939107F}.Debug|Mixed Platforms.ActiveCfg = Debug|Any CPU
		{2D02D43C-BC3B-41D2-9226-4E215939107F}.Debug|Mixed Platforms.Build.0 = Debug|Any CPU
		{2D02D43C-BC3B-41D2-9226-4E215939107F}.Default|.NET.ActiveCfg = Debug|Any CPU
		{2D02D43C-BC3B-41D2-9226-4E215939107F}.Default|Any CPU.ActiveCfg = Debug|Any CPU
		{2D02D43C-BC3B-41D2-9226-4E215939107F}.Default|Any CPU.Build.0 = Debug|Any CPU
		{2D02D43C-BC3B-41D2-9226-4E215939107F}.Default|Mixed Platforms.ActiveCfg = Debug|Any CPU
		{2D02D43C-BC3B-41D2-9226-4E215939107F}.Default|Mixed Platforms.Build.0 = Debug|Any CPU
		{2D02D43C-BC3B-41D2-9226-4E215939107F}.Release|.NET.ActiveCfg = Release|Any CPU
		{2D02D43C-BC3B-41D2-9226-4E215939107F}.Release|Any CPU.ActiveCfg = Release|Any CPU
		{2D02D43C-BC3B-41D2-9226-4E215939107F}.Release|Any CPU.Build.0 = Release|Any CPU
		{2D02D43C-BC3B-41D2-9226-4E215939107F}.Release|Mixed Platforms.ActiveCfg = Release|Any CPU
		{2D02D43C-BC3B-41D2-9226-4E215939107F}.Release|Mixed Platforms.Build.0 = Release|Any CPU
		{AB0945C2-7421-4D55-98AE-AB28B813E59D}.Debug|.NET.ActiveCfg = Debug|Any CPU
		{AB0945C2-7421-4D55-98AE-AB28B813E59D}.Debug|Any CPU.ActiveCfg = Debug|Any CPU
		{AB0945C2-7421-4D55-98AE-AB28B813E59D}.Debug|Any CPU.Build.0 = Debug|Any CPU
		{AB0945C2-7421-4D55-98AE-AB28B813E59D}.Debug|Mixed Platforms.ActiveCfg = Debug|Any CPU
		{AB0945C2-7421-4D55-98AE-AB28B813E59D}.Debug|Mixed Platforms.Build.0 = Debug|Any CPU
		{AB0945C2-7421-4D55-98AE-AB28B813E59D}.Default|.NET.ActiveCfg = Debug|Any CPU
		{AB0945C2-7421-4D55-98AE-AB28B813E59D}.Default|Any CPU.ActiveCfg = Debug|Any CPU
		{AB0945C2-7421-4D55-98AE-AB28B813E59D}.Default|Any CPU.Build.0 = Debug|Any CPU
		{AB0945C2-7421-4D55-98AE-AB28B813E59D}.Default|Mixed Platforms.ActiveCfg = Debug|Any CPU
		{AB0945C2-7421-4D55-98AE-AB28B813E59D}.Default|Mixed Platforms.Build.0 = Debug|Any CPU
		{AB0945C2-7421-4D55-98AE-AB28B813E59D}.Release|.NET.ActiveCfg = Release|Any CPU
		{AB0945C2-7421-4D55-98AE-AB28B813E59D}.Release|Any CPU.ActiveCfg = Release|Any CPU
		{AB0945C2-7421-4D55-98AE-AB28B813E59D}.Release|Any CPU.Build.0 = Release|Any CPU
		{AB0945C2-7421-4D55-98AE-AB28B813E59D}.Release|Mixed Platforms.ActiveCfg = Release|Any CPU
		{AB0945C2-7421-4D55-98AE-AB28B813E59D}.Release|Mixed Platforms.Build.0 = Release|Any CPU
		{48E3907C-69BB-48C1-817D-6E5B4BE51EF6}.Debug|.NET.ActiveCfg = Debug|Any CPU
		{48E3907C-69BB-48C1-817D-6E5B4BE51EF6}.Debug|Any CPU.ActiveCfg = Debug|Any CPU
		{48E3907C-69BB-48C1-817D-6E5B4BE51EF6}.Debug|Any CPU.Build.0 = Debug|Any CPU
		{48E3907C-69BB-48C1-817D-6E5B4BE51EF6}.Debug|Mixed Platforms.ActiveCfg = Debug|Any CPU
		{48E3907C-69BB-48C1-817D-6E5B4BE51EF6}.Debug|Mixed Platforms.Build.0 = Debug|Any CPU
		{48E3907C-69BB-48C1-817D-6E5B4BE51EF6}.Default|.NET.ActiveCfg = Debug|Any CPU
		{48E3907C-69BB-48C1-817D-6E5B4BE51EF6}.Default|Any CPU.ActiveCfg = Debug|Any CPU
		{48E3907C-69BB-48C1-817D-6E5B4BE51EF6}.Default|Any CPU.Build.0 = Debug|Any CPU
		{48E3907C-69BB-48C1-817D-6E5B4BE51EF6}.Default|Mixed Platforms.ActiveCfg = Debug|Any CPU
		{48E3907C-69BB-48C1-817D-6E5B4BE51EF6}.Default|Mixed Platforms.Build.0 = Debug|Any CPU
		{48E3907C-69BB-48C1-817D-6E5B4BE51EF6}.Release|.NET.ActiveCfg = Release|Any CPU
		{48E3907C-69BB-48C1-817D-6E5B4BE51EF6}.Release|Any CPU.ActiveCfg = Release|Any CPU
		{48E3907C-69BB-48C1-817D-6E5B4BE51EF6}.Release|Any CPU.Build.0 = Release|Any CPU
		{48E3907C-69BB-48C1-817D-6E5B4BE51EF6}.Release|Mixed Platforms.ActiveCfg = Release|Any CPU
		{48E3907C-69BB-48C1-817D-6E5B4BE51EF6}.Release|Mixed Platforms.Build.0 = Release|Any CPU
		{9C13A2E5-2A06-4BD9-BED0-F93E9BB03D31}.Debug|.NET.ActiveCfg = Debug|Any CPU
		{9C13A2E5-2A06-4BD9-BED0-F93E9BB03D31}.Debug|Any CPU.ActiveCfg = Debug|Any CPU
		{9C13A2E5-2A06-4BD9-BED0-F93E9BB03D31}.Debug|Any CPU.Build.0 = Debug|Any CPU
		{9C13A2E5-2A06-4BD9-BED0-F93E9BB03D31}.Debug|Mixed Platforms.ActiveCfg = Debug|Any CPU
		{9C13A2E5-2A06-4BD9-BED0-F93E9BB03D31}.Debug|Mixed Platforms.Build.0 = Debug|Any CPU
		{9C13A2E5-2A06-4BD9-BED0-F93E9BB03D31}.Default|.NET.ActiveCfg = Debug|Any CPU
		{9C13A2E5-2A06-4BD9-BED0-F93E9BB03D31}.Default|Any CPU.ActiveCfg = Debug|Any CPU
		{9C13A2E5-2A06-4BD9-BED0-F93E9BB03D31}.Default|Any CPU.Build.0 = Debug|Any CPU
		{9C13A2E5-2A06-4BD9-BED0-F93E9BB03D31}.Default|Mixed Platforms.ActiveCfg = Debug|Any CPU
		{9C13A2E5-2A06-4BD9-BED0-F93E9BB03D31}.Default|Mixed Platforms.Build.0 = Debug|Any CPU
		{9C13A2E5-2A06-4BD9-BED0-F93E9BB03D31}.Release|.NET.ActiveCfg = Release|Any CPU
		{9C13A2E5-2A06-4BD9-BED0-F93E9BB03D31}.Release|Any CPU.ActiveCfg = Release|Any CPU
		{9C13A2E5-2A06-4BD9-BED0-F93E9BB03D31}.Release|Any CPU.Build.0 = Release|Any CPU
		{9C13A2E5-2A06-4BD9-BED0-F93E9BB03D31}.Release|Mixed Platforms.ActiveCfg = Release|Any CPU
		{9C13A2E5-2A06-4BD9-BED0-F93E9BB03D31}.Release|Mixed Platforms.Build.0 = Release|Any CPU
		{87A8BD8B-F8D5-4BDE-90D0-D7C5C8E45AC8}.Debug|.NET.ActiveCfg = Debug|Any CPU
		{87A8BD8B-F8D5-4BDE-90D0-D7C5C8E45AC8}.Debug|Any CPU.ActiveCfg = Debug|Any CPU
		{87A8BD8B-F8D5-4BDE-90D0-D7C5C8E45AC8}.Debug|Any CPU.Build.0 = Debug|Any CPU
		{87A8BD8B-F8D5-4BDE-90D0-D7C5C8E45AC8}.Debug|Mixed Platforms.ActiveCfg = Debug|Any CPU
		{87A8BD8B-F8D5-4BDE-90D0-D7C5C8E45AC8}.Debug|Mixed Platforms.Build.0 = Debug|Any CPU
		{87A8BD8B-F8D5-4BDE-90D0-D7C5C8E45AC8}.Default|.NET.ActiveCfg = Debug|Any CPU
		{87A8BD8B-F8D5-4BDE-90D0-D7C5C8E45AC8}.Default|Any CPU.ActiveCfg = Debug|Any CPU
		{87A8BD8B-F8D5-4BDE-90D0-D7C5C8E45AC8}.Default|Any CPU.Build.0 = Debug|Any CPU
		{87A8BD8B-F8D5-4BDE-90D0-D7C5C8E45AC8}.Default|Mixed Platforms.ActiveCfg = Debug|Any CPU
		{87A8BD8B-F8D5-4BDE-90D0-D7C5C8E45AC8}.Default|Mixed Platforms.Build.0 = Debug|Any CPU
		{87A8BD8B-F8D5-4BDE-90D0-D7C5C8E45AC8}.Release|.NET.ActiveCfg = Release|Any CPU
		{87A8BD8B-F8D5-4BDE-90D0-D7C5C8E45AC8}.Release|Any CPU.ActiveCfg = Release|Any CPU
		{87A8BD8B-F8D5-4BDE-90D0-D7C5C8E45AC8}.Release|Any CPU.Build.0 = Release|Any CPU
		{87A8BD8B-F8D5-4BDE-90D0-D7C5C8E45AC8}.Release|Mixed Platforms.ActiveCfg = Release|Any CPU
		{87A8BD8B-F8D5-4BDE-90D0-D7C5C8E45AC8}.Release|Mixed Platforms.Build.0 = Release|Any CPU
		{825505D0-8CF0-4AA0-841B-B9B91009C937}.Debug|.NET.ActiveCfg = Debug|Any CPU
		{825505D0-8CF0-4AA0-841B-B9B91009C937}.Debug|Any CPU.ActiveCfg = Debug|Any CPU
		{825505D0-8CF0-4AA0-841B-B9B91009C937}.Debug|Any CPU.Build.0 = Debug|Any CPU
		{825505D0-8CF0-4AA0-841B-B9B91009C937}.Debug|Mixed Platforms.ActiveCfg = Debug|Any CPU
		{825505D0-8CF0-4AA0-841B-B9B91009C937}.Debug|Mixed Platforms.Build.0 = Debug|Any CPU
		{825505D0-8CF0-4AA0-841B-B9B91009C937}.Default|.NET.ActiveCfg = Debug|Any CPU
		{825505D0-8CF0-4AA0-841B-B9B91009C937}.Default|Any CPU.ActiveCfg = Debug|Any CPU
		{825505D0-8CF0-4AA0-841B-B9B91009C937}.Default|Any CPU.Build.0 = Debug|Any CPU
		{825505D0-8CF0-4AA0-841B-B9B91009C937}.Default|Mixed Platforms.ActiveCfg = Debug|Any CPU
		{825505D0-8CF0-4AA0-841B-B9B91009C937}.Default|Mixed Platforms.Build.0 = Debug|Any CPU
		{825505D0-8CF0-4AA0-841B-B9B91009C937}.Release|.NET.ActiveCfg = Release|Any CPU
		{825505D0-8CF0-4AA0-841B-B9B91009C937}.Release|Any CPU.ActiveCfg = Release|Any CPU
		{825505D0-8CF0-4AA0-841B-B9B91009C937}.Release|Any CPU.Build.0 = Release|Any CPU
		{825505D0-8CF0-4AA0-841B-B9B91009C937}.Release|Mixed Platforms.ActiveCfg = Release|Any CPU
		{825505D0-8CF0-4AA0-841B-B9B91009C937}.Release|Mixed Platforms.Build.0 = Release|Any CPU
		{C84649FB-B864-4571-A98C-B470E6BF3F26}.Debug|.NET.ActiveCfg = Debug|Any CPU
		{C84649FB-B864-4571-A98C-B470E6BF3F26}.Debug|Any CPU.ActiveCfg = Debug|Any CPU
		{C84649FB-B864-4571-A98C-B470E6BF3F26}.Debug|Any CPU.Build.0 = Debug|Any CPU
		{C84649FB-B864-4571-A98C-B470E6BF3F26}.Debug|Mixed Platforms.ActiveCfg = Debug|Any CPU
		{C84649FB-B864-4571-A98C-B470E6BF3F26}.Debug|Mixed Platforms.Build.0 = Debug|Any CPU
		{C84649FB-B864-4571-A98C-B470E6BF3F26}.Default|.NET.ActiveCfg = Debug|Any CPU
		{C84649FB-B864-4571-A98C-B470E6BF3F26}.Default|Any CPU.ActiveCfg = Debug|Any CPU
		{C84649FB-B864-4571-A98C-B470E6BF3F26}.Default|Any CPU.Build.0 = Debug|Any CPU
		{C84649FB-B864-4571-A98C-B470E6BF3F26}.Default|Mixed Platforms.ActiveCfg = Debug|Any CPU
		{C84649FB-B864-4571-A98C-B470E6BF3F26}.Default|Mixed Platforms.Build.0 = Debug|Any CPU
		{C84649FB-B864-4571-A98C-B470E6BF3F26}.Release|.NET.ActiveCfg = Release|Any CPU
		{C84649FB-B864-4571-A98C-B470E6BF3F26}.Release|Any CPU.ActiveCfg = Release|Any CPU
		{C84649FB-B864-4571-A98C-B470E6BF3F26}.Release|Any CPU.Build.0 = Release|Any CPU
		{C84649FB-B864-4571-A98C-B470E6BF3F26}.Release|Mixed Platforms.ActiveCfg = Release|Any CPU
		{C84649FB-B864-4571-A98C-B470E6BF3F26}.Release|Mixed Platforms.Build.0 = Release|Any CPU
	EndGlobalSection
	GlobalSection(SolutionProperties) = preSolution
		HideSolutionNode = FALSE
	EndGlobalSection
EndGlobal
