
Microsoft Visual Studio Solution File, Format Version 12.00
# Visual Studio 11
Project("{2150E333-8FDC-42A3-9474-1A3956D46DE8}") = "Solution Items", "Solution Items", "{9B0281E7-0401-4493-BC8A-BB36D0D9AAA6}"
	ProjectSection(SolutionItems) = preProject
		JinxBot.vsmdi = JinxBot.vsmdi
		JinxBot1.vsmdi = JinxBot1.vsmdi
		Local.testsettings = Local.testsettings
		LocalTestRun.testrunconfig = LocalTestRun.testrunconfig
		TraceAndTestImpact.testsettings = TraceAndTestImpact.testsettings
	EndProjectSection
EndProject
Project("{FAE04EC0-301F-11D3-BF4B-00C04F79EFBC}") = "BNSharp", "projects\BNSharp\BNSharp.csproj", "{2D02D43C-BC3B-41D2-9226-4E215939107F}"
EndProject
Project("{FAE04EC0-301F-11D3-BF4B-00C04F79EFBC}") = "JinxBot", "projects\JinxBot\JinxBot.csproj", "{AB0945C2-7421-4D55-98AE-AB28B813E59D}"
EndProject
Project("{FAE04EC0-301F-11D3-BF4B-00C04F79EFBC}") = "JinxBot.Controls", "projects\JinxBot.Controls\JinxBot.Controls.csproj", "{48E3907C-69BB-48C1-817D-6E5B4BE51EF6}"
EndProject
Project("{FAE04EC0-301F-11D3-BF4B-00C04F79EFBC}") = "JinxBot.Plugins", "projects\JinxBot.Plugins\JinxBot.Plugins.csproj", "{9C13A2E5-2A06-4BD9-BED0-F93E9BB03D31}"
EndProject
Project("{FAE04EC0-301F-11D3-BF4B-00C04F79EFBC}") = "JinxBot.Plugins.Script", "projects\JinxBot.Plugins.Script\JinxBot.Plugins.Script.csproj", "{EA705DC7-500E-4C7B-8D22-F5EFFCF71F46}"
EndProject
Project("{FAE04EC0-301F-11D3-BF4B-00C04F79EFBC}") = "JinxBot.UpdateManager.Components", "JinxBot.UpdateManager.Components\JinxBot.UpdateManager.Components.csproj", "{7D9C6C14-7A16-48B5-89D2-B73DA92BC9E8}"
EndProject
Project("{FAE04EC0-301F-11D3-BF4B-00C04F79EFBC}") = "JinxBot.UpdateManager", "JinxBot.UpdateManager\JinxBot.UpdateManager.csproj", "{D1F0B298-F0B8-4B06-8DD3-9F81A485E2C7}"
EndProject
Project("{2150E333-8FDC-42A3-9474-1A3956D46DE8}") = "Tests", "Tests", "{95141479-87A9-40DA-B5B0-AEC7805EADBB}"
EndProject
Project("{FAE04EC0-301F-11D3-BF4B-00C04F79EFBC}") = "JinxBot.UpdateManager.Components.Tests", "test\JinxBot.UpdateManager.Components.Tests\JinxBot.UpdateManager.Components.Tests.csproj", "{0421AA5A-5FDF-4D74-A296-0339C315B151}"
EndProject
Project("{FAE04EC0-301F-11D3-BF4B-00C04F79EFBC}") = "JinxBot.LoginService", "JinxBot.LoginService\JinxBot.LoginService.csproj", "{A6FA9C1B-391B-408C-92D2-32B4B8653B6C}"
EndProject
Global
	GlobalSection(TestCaseManagementSettings) = postSolution
		CategoryFile = JinxBot1.vsmdi
	EndGlobalSection
	GlobalSection(SolutionConfigurationPlatforms) = preSolution
		Debug|ARM = Debug|ARM
		Debug|Any CPU = Debug|Any CPU
		Debug|x64 = Debug|x64
		Debug|x86 = Debug|x86
		Default|ARM = Default|ARM
		Default|Any CPU = Default|Any CPU
		Default|x64 = Default|x64
		Default|x86 = Default|x86
		Release|ARM = Release|ARM
		Release|Any CPU = Release|Any CPU
		Release|x64 = Release|x64
		Release|x86 = Release|x86
	EndGlobalSection
	GlobalSection(ProjectConfigurationPlatforms) = postSolution
		{0421AA5A-5FDF-4D74-A296-0339C315B151}.Debug|ARM.ActiveCfg = Debug|Any CPU
		{0421AA5A-5FDF-4D74-A296-0339C315B151}.Debug|Any CPU.ActiveCfg = Debug|Any CPU
		{0421AA5A-5FDF-4D74-A296-0339C315B151}.Debug|Any CPU.Build.0 = Debug|Any CPU
		{0421AA5A-5FDF-4D74-A296-0339C315B151}.Debug|x64.ActiveCfg = Debug|Any CPU
		{0421AA5A-5FDF-4D74-A296-0339C315B151}.Debug|x86.ActiveCfg = Debug|Any CPU
		{0421AA5A-5FDF-4D74-A296-0339C315B151}.Default|ARM.ActiveCfg = Debug|Any CPU
		{0421AA5A-5FDF-4D74-A296-0339C315B151}.Default|Any CPU.ActiveCfg = Debug|Any CPU
		{0421AA5A-5FDF-4D74-A296-0339C315B151}.Default|Any CPU.Build.0 = Debug|Any CPU
		{0421AA5A-5FDF-4D74-A296-0339C315B151}.Default|x64.ActiveCfg = Debug|Any CPU
		{0421AA5A-5FDF-4D74-A296-0339C315B151}.Default|x86.ActiveCfg = Debug|Any CPU
		{0421AA5A-5FDF-4D74-A296-0339C315B151}.Release|ARM.ActiveCfg = Release|Any CPU
		{0421AA5A-5FDF-4D74-A296-0339C315B151}.Release|Any CPU.ActiveCfg = Release|Any CPU
		{0421AA5A-5FDF-4D74-A296-0339C315B151}.Release|Any CPU.Build.0 = Release|Any CPU
		{0421AA5A-5FDF-4D74-A296-0339C315B151}.Release|x64.ActiveCfg = Release|Any CPU
		{0421AA5A-5FDF-4D74-A296-0339C315B151}.Release|x86.ActiveCfg = Release|Any CPU
		{2D02D43C-BC3B-41D2-9226-4E215939107F}.Debug|ARM.ActiveCfg = Debug|Any CPU
		{2D02D43C-BC3B-41D2-9226-4E215939107F}.Debug|Any CPU.ActiveCfg = Debug|Any CPU
		{2D02D43C-BC3B-41D2-9226-4E215939107F}.Debug|Any CPU.Build.0 = Debug|Any CPU
		{2D02D43C-BC3B-41D2-9226-4E215939107F}.Debug|x64.ActiveCfg = Debug|Any CPU
		{2D02D43C-BC3B-41D2-9226-4E215939107F}.Debug|x86.ActiveCfg = Debug|Any CPU
		{2D02D43C-BC3B-41D2-9226-4E215939107F}.Default|ARM.ActiveCfg = Debug|Any CPU
		{2D02D43C-BC3B-41D2-9226-4E215939107F}.Default|Any CPU.ActiveCfg = Debug|Any CPU
		{2D02D43C-BC3B-41D2-9226-4E215939107F}.Default|Any CPU.Build.0 = Debug|Any CPU
		{2D02D43C-BC3B-41D2-9226-4E215939107F}.Default|x64.ActiveCfg = Debug|Any CPU
		{2D02D43C-BC3B-41D2-9226-4E215939107F}.Default|x86.ActiveCfg = Debug|Any CPU
		{2D02D43C-BC3B-41D2-9226-4E215939107F}.Release|ARM.ActiveCfg = Release|Any CPU
		{2D02D43C-BC3B-41D2-9226-4E215939107F}.Release|Any CPU.ActiveCfg = Release|Any CPU
		{2D02D43C-BC3B-41D2-9226-4E215939107F}.Release|Any CPU.Build.0 = Release|Any CPU
		{2D02D43C-BC3B-41D2-9226-4E215939107F}.Release|x64.ActiveCfg = Release|Any CPU
		{2D02D43C-BC3B-41D2-9226-4E215939107F}.Release|x86.ActiveCfg = Release|Any CPU
		{48E3907C-69BB-48C1-817D-6E5B4BE51EF6}.Debug|ARM.ActiveCfg = Debug|Any CPU
		{48E3907C-69BB-48C1-817D-6E5B4BE51EF6}.Debug|Any CPU.ActiveCfg = Debug|Any CPU
		{48E3907C-69BB-48C1-817D-6E5B4BE51EF6}.Debug|Any CPU.Build.0 = Debug|Any CPU
		{48E3907C-69BB-48C1-817D-6E5B4BE51EF6}.Debug|x64.ActiveCfg = Debug|Any CPU
		{48E3907C-69BB-48C1-817D-6E5B4BE51EF6}.Debug|x86.ActiveCfg = Debug|Any CPU
		{48E3907C-69BB-48C1-817D-6E5B4BE51EF6}.Default|ARM.ActiveCfg = Debug|Any CPU
		{48E3907C-69BB-48C1-817D-6E5B4BE51EF6}.Default|Any CPU.ActiveCfg = Debug|Any CPU
		{48E3907C-69BB-48C1-817D-6E5B4BE51EF6}.Default|Any CPU.Build.0 = Debug|Any CPU
		{48E3907C-69BB-48C1-817D-6E5B4BE51EF6}.Default|x64.ActiveCfg = Debug|Any CPU
		{48E3907C-69BB-48C1-817D-6E5B4BE51EF6}.Default|x86.ActiveCfg = Debug|Any CPU
		{48E3907C-69BB-48C1-817D-6E5B4BE51EF6}.Release|ARM.ActiveCfg = Release|Any CPU
		{48E3907C-69BB-48C1-817D-6E5B4BE51EF6}.Release|Any CPU.ActiveCfg = Release|Any CPU
		{48E3907C-69BB-48C1-817D-6E5B4BE51EF6}.Release|Any CPU.Build.0 = Release|Any CPU
		{48E3907C-69BB-48C1-817D-6E5B4BE51EF6}.Release|x64.ActiveCfg = Release|Any CPU
		{48E3907C-69BB-48C1-817D-6E5B4BE51EF6}.Release|x86.ActiveCfg = Release|Any CPU
		{7D9C6C14-7A16-48B5-89D2-B73DA92BC9E8}.Debug|ARM.ActiveCfg = Debug|Any CPU
		{7D9C6C14-7A16-48B5-89D2-B73DA92BC9E8}.Debug|Any CPU.ActiveCfg = Debug|Any CPU
		{7D9C6C14-7A16-48B5-89D2-B73DA92BC9E8}.Debug|Any CPU.Build.0 = Debug|Any CPU
		{7D9C6C14-7A16-48B5-89D2-B73DA92BC9E8}.Debug|x64.ActiveCfg = Debug|Any CPU
		{7D9C6C14-7A16-48B5-89D2-B73DA92BC9E8}.Debug|x86.ActiveCfg = Debug|Any CPU
		{7D9C6C14-7A16-48B5-89D2-B73DA92BC9E8}.Default|ARM.ActiveCfg = Debug|Any CPU
		{7D9C6C14-7A16-48B5-89D2-B73DA92BC9E8}.Default|Any CPU.ActiveCfg = Debug|Any CPU
		{7D9C6C14-7A16-48B5-89D2-B73DA92BC9E8}.Default|Any CPU.Build.0 = Debug|Any CPU
		{7D9C6C14-7A16-48B5-89D2-B73DA92BC9E8}.Default|x64.ActiveCfg = Debug|Any CPU
		{7D9C6C14-7A16-48B5-89D2-B73DA92BC9E8}.Default|x86.ActiveCfg = Debug|Any CPU
		{7D9C6C14-7A16-48B5-89D2-B73DA92BC9E8}.Release|ARM.ActiveCfg = Release|Any CPU
		{7D9C6C14-7A16-48B5-89D2-B73DA92BC9E8}.Release|Any CPU.ActiveCfg = Release|Any CPU
		{7D9C6C14-7A16-48B5-89D2-B73DA92BC9E8}.Release|Any CPU.Build.0 = Release|Any CPU
		{7D9C6C14-7A16-48B5-89D2-B73DA92BC9E8}.Release|x64.ActiveCfg = Release|Any CPU
		{7D9C6C14-7A16-48B5-89D2-B73DA92BC9E8}.Release|x86.ActiveCfg = Release|Any CPU
		{9C13A2E5-2A06-4BD9-BED0-F93E9BB03D31}.Debug|ARM.ActiveCfg = Debug|Any CPU
		{9C13A2E5-2A06-4BD9-BED0-F93E9BB03D31}.Debug|Any CPU.ActiveCfg = Debug|Any CPU
		{9C13A2E5-2A06-4BD9-BED0-F93E9BB03D31}.Debug|Any CPU.Build.0 = Debug|Any CPU
		{9C13A2E5-2A06-4BD9-BED0-F93E9BB03D31}.Debug|x64.ActiveCfg = Debug|Any CPU
		{9C13A2E5-2A06-4BD9-BED0-F93E9BB03D31}.Debug|x86.ActiveCfg = Debug|Any CPU
		{9C13A2E5-2A06-4BD9-BED0-F93E9BB03D31}.Default|ARM.ActiveCfg = Debug|Any CPU
		{9C13A2E5-2A06-4BD9-BED0-F93E9BB03D31}.Default|Any CPU.ActiveCfg = Debug|Any CPU
		{9C13A2E5-2A06-4BD9-BED0-F93E9BB03D31}.Default|Any CPU.Build.0 = Debug|Any CPU
		{9C13A2E5-2A06-4BD9-BED0-F93E9BB03D31}.Default|x64.ActiveCfg = Debug|Any CPU
		{9C13A2E5-2A06-4BD9-BED0-F93E9BB03D31}.Default|x86.ActiveCfg = Debug|Any CPU
		{9C13A2E5-2A06-4BD9-BED0-F93E9BB03D31}.Release|ARM.ActiveCfg = Release|Any CPU
		{9C13A2E5-2A06-4BD9-BED0-F93E9BB03D31}.Release|Any CPU.ActiveCfg = Release|Any CPU
		{9C13A2E5-2A06-4BD9-BED0-F93E9BB03D31}.Release|Any CPU.Build.0 = Release|Any CPU
		{9C13A2E5-2A06-4BD9-BED0-F93E9BB03D31}.Release|x64.ActiveCfg = Release|Any CPU
		{9C13A2E5-2A06-4BD9-BED0-F93E9BB03D31}.Release|x86.ActiveCfg = Release|Any CPU
		{A6FA9C1B-391B-408C-92D2-32B4B8653B6C}.Debug|ARM.ActiveCfg = Debug|Any CPU
		{A6FA9C1B-391B-408C-92D2-32B4B8653B6C}.Debug|Any CPU.ActiveCfg = Debug|Any CPU
		{A6FA9C1B-391B-408C-92D2-32B4B8653B6C}.Debug|Any CPU.Build.0 = Debug|Any CPU
		{A6FA9C1B-391B-408C-92D2-32B4B8653B6C}.Debug|x64.ActiveCfg = Debug|Any CPU
		{A6FA9C1B-391B-408C-92D2-32B4B8653B6C}.Debug|x86.ActiveCfg = Debug|Any CPU
		{A6FA9C1B-391B-408C-92D2-32B4B8653B6C}.Default|ARM.ActiveCfg = Debug|Any CPU
		{A6FA9C1B-391B-408C-92D2-32B4B8653B6C}.Default|Any CPU.ActiveCfg = Debug|Any CPU
		{A6FA9C1B-391B-408C-92D2-32B4B8653B6C}.Default|Any CPU.Build.0 = Debug|Any CPU
		{A6FA9C1B-391B-408C-92D2-32B4B8653B6C}.Default|x64.ActiveCfg = Debug|Any CPU
		{A6FA9C1B-391B-408C-92D2-32B4B8653B6C}.Default|x86.ActiveCfg = Debug|Any CPU
		{A6FA9C1B-391B-408C-92D2-32B4B8653B6C}.Release|ARM.ActiveCfg = Release|Any CPU
		{A6FA9C1B-391B-408C-92D2-32B4B8653B6C}.Release|Any CPU.ActiveCfg = Release|Any CPU
		{A6FA9C1B-391B-408C-92D2-32B4B8653B6C}.Release|Any CPU.Build.0 = Release|Any CPU
		{A6FA9C1B-391B-408C-92D2-32B4B8653B6C}.Release|x64.ActiveCfg = Release|Any CPU
		{A6FA9C1B-391B-408C-92D2-32B4B8653B6C}.Release|x86.ActiveCfg = Release|Any CPU
		{AB0945C2-7421-4D55-98AE-AB28B813E59D}.Debug|ARM.ActiveCfg = Debug|Any CPU
		{AB0945C2-7421-4D55-98AE-AB28B813E59D}.Debug|Any CPU.ActiveCfg = Debug|Any CPU
		{AB0945C2-7421-4D55-98AE-AB28B813E59D}.Debug|Any CPU.Build.0 = Debug|Any CPU
		{AB0945C2-7421-4D55-98AE-AB28B813E59D}.Debug|x64.ActiveCfg = Debug|Any CPU
		{AB0945C2-7421-4D55-98AE-AB28B813E59D}.Debug|x86.ActiveCfg = Debug|Any CPU
		{AB0945C2-7421-4D55-98AE-AB28B813E59D}.Default|ARM.ActiveCfg = Debug|Any CPU
		{AB0945C2-7421-4D55-98AE-AB28B813E59D}.Default|Any CPU.ActiveCfg = Debug|Any CPU
		{AB0945C2-7421-4D55-98AE-AB28B813E59D}.Default|Any CPU.Build.0 = Debug|Any CPU
		{AB0945C2-7421-4D55-98AE-AB28B813E59D}.Default|x64.ActiveCfg = Debug|Any CPU
		{AB0945C2-7421-4D55-98AE-AB28B813E59D}.Default|x86.ActiveCfg = Debug|Any CPU
		{AB0945C2-7421-4D55-98AE-AB28B813E59D}.Release|ARM.ActiveCfg = Release|Any CPU
		{AB0945C2-7421-4D55-98AE-AB28B813E59D}.Release|Any CPU.ActiveCfg = Release|Any CPU
		{AB0945C2-7421-4D55-98AE-AB28B813E59D}.Release|Any CPU.Build.0 = Release|Any CPU
		{AB0945C2-7421-4D55-98AE-AB28B813E59D}.Release|x64.ActiveCfg = Release|Any CPU
		{AB0945C2-7421-4D55-98AE-AB28B813E59D}.Release|x86.ActiveCfg = Release|Any CPU
		{D1F0B298-F0B8-4B06-8DD3-9F81A485E2C7}.Debug|ARM.ActiveCfg = Debug|Any CPU
		{D1F0B298-F0B8-4B06-8DD3-9F81A485E2C7}.Debug|Any CPU.ActiveCfg = Debug|Any CPU
		{D1F0B298-F0B8-4B06-8DD3-9F81A485E2C7}.Debug|Any CPU.Build.0 = Debug|Any CPU
		{D1F0B298-F0B8-4B06-8DD3-9F81A485E2C7}.Debug|x64.ActiveCfg = Debug|Any CPU
		{D1F0B298-F0B8-4B06-8DD3-9F81A485E2C7}.Debug|x86.ActiveCfg = Debug|Any CPU
		{D1F0B298-F0B8-4B06-8DD3-9F81A485E2C7}.Default|ARM.ActiveCfg = Debug|Any CPU
		{D1F0B298-F0B8-4B06-8DD3-9F81A485E2C7}.Default|Any CPU.ActiveCfg = Debug|Any CPU
		{D1F0B298-F0B8-4B06-8DD3-9F81A485E2C7}.Default|Any CPU.Build.0 = Debug|Any CPU
		{D1F0B298-F0B8-4B06-8DD3-9F81A485E2C7}.Default|x64.ActiveCfg = Debug|Any CPU
		{D1F0B298-F0B8-4B06-8DD3-9F81A485E2C7}.Default|x86.ActiveCfg = Debug|Any CPU
		{D1F0B298-F0B8-4B06-8DD3-9F81A485E2C7}.Release|ARM.ActiveCfg = Release|Any CPU
		{D1F0B298-F0B8-4B06-8DD3-9F81A485E2C7}.Release|Any CPU.ActiveCfg = Release|Any CPU
		{D1F0B298-F0B8-4B06-8DD3-9F81A485E2C7}.Release|Any CPU.Build.0 = Release|Any CPU
		{D1F0B298-F0B8-4B06-8DD3-9F81A485E2C7}.Release|x64.ActiveCfg = Release|Any CPU
		{D1F0B298-F0B8-4B06-8DD3-9F81A485E2C7}.Release|x86.ActiveCfg = Release|Any CPU
		{EA705DC7-500E-4C7B-8D22-F5EFFCF71F46}.Debug|ARM.ActiveCfg = Debug|Any CPU
		{EA705DC7-500E-4C7B-8D22-F5EFFCF71F46}.Debug|Any CPU.ActiveCfg = Debug|Any CPU
		{EA705DC7-500E-4C7B-8D22-F5EFFCF71F46}.Debug|Any CPU.Build.0 = Debug|Any CPU
		{EA705DC7-500E-4C7B-8D22-F5EFFCF71F46}.Debug|x64.ActiveCfg = Debug|Any CPU
		{EA705DC7-500E-4C7B-8D22-F5EFFCF71F46}.Debug|x86.ActiveCfg = Debug|Any CPU
		{EA705DC7-500E-4C7B-8D22-F5EFFCF71F46}.Default|ARM.ActiveCfg = Debug|Any CPU
		{EA705DC7-500E-4C7B-8D22-F5EFFCF71F46}.Default|Any CPU.ActiveCfg = Debug|Any CPU
		{EA705DC7-500E-4C7B-8D22-F5EFFCF71F46}.Default|Any CPU.Build.0 = Debug|Any CPU
		{EA705DC7-500E-4C7B-8D22-F5EFFCF71F46}.Default|x64.ActiveCfg = Debug|Any CPU
		{EA705DC7-500E-4C7B-8D22-F5EFFCF71F46}.Default|x86.ActiveCfg = Debug|Any CPU
		{EA705DC7-500E-4C7B-8D22-F5EFFCF71F46}.Release|ARM.ActiveCfg = Release|Any CPU
		{EA705DC7-500E-4C7B-8D22-F5EFFCF71F46}.Release|Any CPU.ActiveCfg = Release|Any CPU
		{EA705DC7-500E-4C7B-8D22-F5EFFCF71F46}.Release|Any CPU.Build.0 = Release|Any CPU
		{EA705DC7-500E-4C7B-8D22-F5EFFCF71F46}.Release|x64.ActiveCfg = Release|Any CPU
		{EA705DC7-500E-4C7B-8D22-F5EFFCF71F46}.Release|x86.ActiveCfg = Release|Any CPU
	EndGlobalSection
	GlobalSection(SolutionProperties) = preSolution
		HideSolutionNode = FALSE
	EndGlobalSection
	GlobalSection(NestedProjects) = preSolution
		{0421AA5A-5FDF-4D74-A296-0339C315B151} = {95141479-87A9-40DA-B5B0-AEC7805EADBB}
	EndGlobalSection
EndGlobal
