
Microsoft Visual Studio Solution File, Format Version 12.00
# Visual Studio 2012
Project("{2150E333-8FDC-42A3-9474-1A3956D46DE8}") = "Libs", "Libs", "{280AB029-C17A-4A5D-B182-E21623482EE7}"
EndProject
Project("{2150E333-8FDC-42A3-9474-1A3956D46DE8}") = "JinxBot", "JinxBot", "{2F899637-BD2F-4970-A721-726C19D1C9DF}"
EndProject
Project("{FAE04EC0-301F-11D3-BF4B-00C04F79EFBC}") = "BNSharp", "BNSharp\BNSharp.csproj", "{3A10B10E-4258-4460-9641-DFCDEC9CF1C7}"
EndProject
Project("{FAE04EC0-301F-11D3-BF4B-00C04F79EFBC}") = "jbc", "jbc\jbc.csproj", "{5430D065-DFA9-4D67-BAB2-8BA61D616646}"
EndProject
Global
	GlobalSection(SolutionConfigurationPlatforms) = preSolution
		Debug|Any CPU = Debug|Any CPU
		Release|Any CPU = Release|Any CPU
	EndGlobalSection
	GlobalSection(ProjectConfigurationPlatforms) = postSolution
		{3A10B10E-4258-4460-9641-DFCDEC9CF1C7}.Debug|Any CPU.ActiveCfg = Debug|Any CPU
		{3A10B10E-4258-4460-9641-DFCDEC9CF1C7}.Debug|Any CPU.Build.0 = Debug|Any CPU
		{3A10B10E-4258-4460-9641-DFCDEC9CF1C7}.Release|Any CPU.ActiveCfg = Release|Any CPU
		{3A10B10E-4258-4460-9641-DFCDEC9CF1C7}.Release|Any CPU.Build.0 = Release|Any CPU
		{5430D065-DFA9-4D67-BAB2-8BA61D616646}.Debug|Any CPU.ActiveCfg = Debug|Any CPU
		{5430D065-DFA9-4D67-BAB2-8BA61D616646}.Debug|Any CPU.Build.0 = Debug|Any CPU
		{5430D065-DFA9-4D67-BAB2-8BA61D616646}.Release|Any CPU.ActiveCfg = Release|Any CPU
		{5430D065-DFA9-4D67-BAB2-8BA61D616646}.Release|Any CPU.Build.0 = Release|Any CPU
	EndGlobalSection
	GlobalSection(SolutionProperties) = preSolution
		HideSolutionNode = FALSE
	EndGlobalSection
	GlobalSection(NestedProjects) = preSolution
		{3A10B10E-4258-4460-9641-DFCDEC9CF1C7} = {280AB029-C17A-4A5D-B182-E21623482EE7}
		{5430D065-DFA9-4D67-BAB2-8BA61D616646} = {2F899637-BD2F-4970-A721-726C19D1C9DF}
	EndGlobalSection
EndGlobal
